
Microsoft Visual Studio Solution File, Format Version 12.00
# Visual Studio 15
VisualStudioVersion = 15.0.28010.2036
MinimumVisualStudioVersion = 10.0.40219.1
Project("{9A19103F-16F7-4668-BE54-9A1E7A4F7556}") = "Reposit", "Reposit\Reposit.csproj", "{0F9E1E98-B8A8-49DD-B90D-7EF227990E05}"
EndProject
Project("{FAE04EC0-301F-11D3-BF4B-00C04F79EFBC}") = "RepositFrontEndTests", "RepositFrontEndTests\RepositFrontEndTests.csproj", "{9403E296-75F2-4358-9C04-12E0456D5F64}"
EndProject
Global
	GlobalSection(SolutionConfigurationPlatforms) = preSolution
		Debug|Any CPU = Debug|Any CPU
		Release|Any CPU = Release|Any CPU
	EndGlobalSection
	GlobalSection(ProjectConfigurationPlatforms) = postSolution
		{0F9E1E98-B8A8-49DD-B90D-7EF227990E05}.Debug|Any CPU.ActiveCfg = Debug|Any CPU
		{0F9E1E98-B8A8-49DD-B90D-7EF227990E05}.Debug|Any CPU.Build.0 = Debug|Any CPU
		{0F9E1E98-B8A8-49DD-B90D-7EF227990E05}.Release|Any CPU.ActiveCfg = Release|Any CPU
		{0F9E1E98-B8A8-49DD-B90D-7EF227990E05}.Release|Any CPU.Build.0 = Release|Any CPU
		{9403E296-75F2-4358-9C04-12E0456D5F64}.Debug|Any CPU.ActiveCfg = Debug|Any CPU
		{9403E296-75F2-4358-9C04-12E0456D5F64}.Debug|Any CPU.Build.0 = Debug|Any CPU
		{9403E296-75F2-4358-9C04-12E0456D5F64}.Release|Any CPU.ActiveCfg = Release|Any CPU
		{9403E296-75F2-4358-9C04-12E0456D5F64}.Release|Any CPU.Build.0 = Release|Any CPU
	EndGlobalSection
	GlobalSection(SolutionProperties) = preSolution
		HideSolutionNode = FALSE
	EndGlobalSection
	GlobalSection(ExtensibilityGlobals) = postSolution
		SolutionGuid = {A18D625C-9F01-4E37-8708-B5B64BE85259}
	EndGlobalSection
EndGlobal
